
Microsoft Visual Studio Solution File, Format Version 12.00
# Visual Studio Version 17
VisualStudioVersion = 17.6.33723.286
MinimumVisualStudioVersion = 10.0.40219.1
Project("{8BC9CEB8-8B4A-11D0-8D11-00A0C91BC942}") = "raycast", "raycast\raycast.vcxproj", "{C0EE2F05-6F1C-4136-BEDA-4851F84DD0FC}"
EndProject
Global
	GlobalSection(SolutionConfigurationPlatforms) = preSolution
		Debug|x64 = Debug|x64
		Debug|x86 = Debug|x86
		Release|x64 = Release|x64
		Release|x86 = Release|x86
	EndGlobalSection
	GlobalSection(ProjectConfigurationPlatforms) = postSolution
		{C0EE2F05-6F1C-4136-BEDA-4851F84DD0FC}.Debug|x64.ActiveCfg = Debug|x64
		{C0EE2F05-6F1C-4136-BEDA-4851F84DD0FC}.Debug|x64.Build.0 = Debug|x64
		{C0EE2F05-6F1C-4136-BEDA-4851F84DD0FC}.Debug|x86.ActiveCfg = Debug|Win32
		{C0EE2F05-6F1C-4136-BEDA-4851F84DD0FC}.Debug|x86.Build.0 = Debug|Win32
		{C0EE2F05-6F1C-4136-BEDA-4851F84DD0FC}.Release|x64.ActiveCfg = Release|x64
		{C0EE2F05-6F1C-4136-BEDA-4851F84DD0FC}.Release|x64.Build.0 = Release|x64
		{C0EE2F05-6F1C-4136-BEDA-4851F84DD0FC}.Release|x86.ActiveCfg = Release|Win32
		{C0EE2F05-6F1C-4136-BEDA-4851F84DD0FC}.Release|x86.Build.0 = Release|Win32
	EndGlobalSection
	GlobalSection(SolutionProperties) = preSolution
		HideSolutionNode = FALSE
	EndGlobalSection
	GlobalSection(ExtensibilityGlobals) = postSolution
		SolutionGuid = {C8FB596A-A9EE-4DDD-82A8-4D5941478D63}
	EndGlobalSection
EndGlobal
